
Microsoft Visual Studio Solution File, Format Version 12.00
# Visual Studio Version 16
VisualStudioVersion = 16.0.31025.194
MinimumVisualStudioVersion = 10.0.40219.1
Project("{FAE04EC0-301F-11D3-BF4B-00C04F79EFBC}") = "MVCBook", "MVCBook\MVCBook.csproj", "{D4912EA4-1CB4-4E9A-8264-A6410AD82BF8}"
EndProject
Global
	GlobalSection(SolutionConfigurationPlatforms) = preSolution
		Debug|Any CPU = Debug|Any CPU
		Release|Any CPU = Release|Any CPU
	EndGlobalSection
	GlobalSection(ProjectConfigurationPlatforms) = postSolution
		{D4912EA4-1CB4-4E9A-8264-A6410AD82BF8}.Debug|Any CPU.ActiveCfg = Debug|Any CPU
		{D4912EA4-1CB4-4E9A-8264-A6410AD82BF8}.Debug|Any CPU.Build.0 = Debug|Any CPU
		{D4912EA4-1CB4-4E9A-8264-A6410AD82BF8}.Release|Any CPU.ActiveCfg = Release|Any CPU
		{D4912EA4-1CB4-4E9A-8264-A6410AD82BF8}.Release|Any CPU.Build.0 = Release|Any CPU
	EndGlobalSection
	GlobalSection(SolutionProperties) = preSolution
		HideSolutionNode = FALSE
	EndGlobalSection
	GlobalSection(ExtensibilityGlobals) = postSolution
		SolutionGuid = {129AA096-312E-4830-B2CB-8B81C68F4E4A}
	EndGlobalSection
EndGlobal
